// !$*UTF8*$!
{
	archiveVersion = 1;
	classes = {
	};
	objectVersion = 50;
	objects = {

/* Begin PBXBuildFile section */
		2028250B2714B48D00891DCD /* Database.swift in Sources */ = {isa = PBXBuildFile; fileRef = 2028250A2714B48D00891DCD /* Database.swift */; };
		20765928270B71550053AF44 /* ClienteController.swift in Sources */ = {isa = PBXBuildFile; fileRef = 20765927270B71550053AF44 /* ClienteController.swift */; };
		2076592B270B75210053AF44 /* ClienteView.swift in Sources */ = {isa = PBXBuildFile; fileRef = 2076592A270B75210053AF44 /* ClienteView.swift */; };
		2076592D270B75CA0053AF44 /* SistemaView.swift in Sources */ = {isa = PBXBuildFile; fileRef = 2076592C270B75CA0053AF44 /* SistemaView.swift */; };
		20765932270C7E3B0053AF44 /* ClienteService.swift in Sources */ = {isa = PBXBuildFile; fileRef = 20765931270C7E3B0053AF44 /* ClienteService.swift */; };
		20765936270C9B130053AF44 /* ValidationError.swift in Sources */ = {isa = PBXBuildFile; fileRef = 20765935270C9B130053AF44 /* ValidationError.swift */; };
		2076593B270DCC480053AF44 /* ClienteDTO.swift in Sources */ = {isa = PBXBuildFile; fileRef = 2076593A270DCC480053AF44 /* ClienteDTO.swift */; };
		2076593D270E256C0053AF44 /* Extensions.swift in Sources */ = {isa = PBXBuildFile; fileRef = 2076593C270E256C0053AF44 /* Extensions.swift */; };
		208DB39327061B8800CFF747 /* main.swift in Sources */ = {isa = PBXBuildFile; fileRef = 208DB39227061B8800CFF747 /* main.swift */; };
		208DB39A270627FD00CFF747 /* Cliente.swift in Sources */ = {isa = PBXBuildFile; fileRef = 208DB399270627FD00CFF747 /* Cliente.swift */; };
		208DB39C27062DBD00CFF747 /* OpcoesEntrada.swift in Sources */ = {isa = PBXBuildFile; fileRef = 208DB39B27062DBD00CFF747 /* OpcoesEntrada.swift */; };
		208DB39E27062DE000CFF747 /* OpcoesIti.swift in Sources */ = {isa = PBXBuildFile; fileRef = 208DB39D27062DE000CFF747 /* OpcoesIti.swift */; };
		208DB3A02706309B00CFF747 /* TipoChavePix.swift in Sources */ = {isa = PBXBuildFile; fileRef = 208DB39F2706309B00CFF747 /* TipoChavePix.swift */; };
		208DB3B2270675C100CFF747 /* Conta.swift in Sources */ = {isa = PBXBuildFile; fileRef = 208DB3B1270675C100CFF747 /* Conta.swift */; };
		208DB3D827072C2000CFF747 /* SistemaController.swift in Sources */ = {isa = PBXBuildFile; fileRef = 208DB3D727072C2000CFF747 /* SistemaController.swift */; };
/* End PBXBuildFile section */

/* Begin PBXCopyFilesBuildPhase section */
		208DB38D27061B8800CFF747 /* CopyFiles */ = {
			isa = PBXCopyFilesBuildPhase;
			buildActionMask = 2147483647;
			dstPath = /usr/share/man/man1/;
			dstSubfolderSpec = 0;
			files = (
			);
			runOnlyForDeploymentPostprocessing = 1;
		};
/* End PBXCopyFilesBuildPhase section */

/* Begin PBXFileReference section */
		2028250A2714B48D00891DCD /* Database.swift */ = {isa = PBXFileReference; lastKnownFileType = sourcecode.swift; path = Database.swift; sourceTree = "<group>"; };
		20765927270B71550053AF44 /* ClienteController.swift */ = {isa = PBXFileReference; lastKnownFileType = sourcecode.swift; name = ClienteController.swift; path = ../../../../ClienteController.swift; sourceTree = "<group>"; };
		2076592A270B75210053AF44 /* ClienteView.swift */ = {isa = PBXFileReference; lastKnownFileType = sourcecode.swift; path = ClienteView.swift; sourceTree = "<group>"; };
		2076592C270B75CA0053AF44 /* SistemaView.swift */ = {isa = PBXFileReference; lastKnownFileType = sourcecode.swift; path = SistemaView.swift; sourceTree = "<group>"; };
		20765931270C7E3B0053AF44 /* ClienteService.swift */ = {isa = PBXFileReference; lastKnownFileType = sourcecode.swift; path = ClienteService.swift; sourceTree = "<group>"; };
		20765935270C9B130053AF44 /* ValidationError.swift */ = {isa = PBXFileReference; lastKnownFileType = sourcecode.swift; path = ValidationError.swift; sourceTree = "<group>"; };
		2076593A270DCC480053AF44 /* ClienteDTO.swift */ = {isa = PBXFileReference; lastKnownFileType = sourcecode.swift; path = ClienteDTO.swift; sourceTree = "<group>"; };
		2076593C270E256C0053AF44 /* Extensions.swift */ = {isa = PBXFileReference; lastKnownFileType = sourcecode.swift; path = Extensions.swift; sourceTree = "<group>"; };
		208DB38F27061B8800CFF747 /* MiniIti */ = {isa = PBXFileReference; explicitFileType = "compiled.mach-o.executable"; includeInIndex = 0; path = MiniIti; sourceTree = BUILT_PRODUCTS_DIR; };
		208DB39227061B8800CFF747 /* main.swift */ = {isa = PBXFileReference; lastKnownFileType = sourcecode.swift; path = main.swift; sourceTree = "<group>"; };
		208DB399270627FD00CFF747 /* Cliente.swift */ = {isa = PBXFileReference; lastKnownFileType = sourcecode.swift; path = Cliente.swift; sourceTree = "<group>"; };
		208DB39B27062DBD00CFF747 /* OpcoesEntrada.swift */ = {isa = PBXFileReference; lastKnownFileType = sourcecode.swift; path = OpcoesEntrada.swift; sourceTree = "<group>"; };
		208DB39D27062DE000CFF747 /* OpcoesIti.swift */ = {isa = PBXFileReference; lastKnownFileType = sourcecode.swift; path = OpcoesIti.swift; sourceTree = "<group>"; };
		208DB39F2706309B00CFF747 /* TipoChavePix.swift */ = {isa = PBXFileReference; lastKnownFileType = sourcecode.swift; path = TipoChavePix.swift; sourceTree = "<group>"; };
		208DB3B1270675C100CFF747 /* Conta.swift */ = {isa = PBXFileReference; lastKnownFileType = sourcecode.swift; path = Conta.swift; sourceTree = "<group>"; };
		208DB3D727072C2000CFF747 /* SistemaController.swift */ = {isa = PBXFileReference; lastKnownFileType = sourcecode.swift; path = SistemaController.swift; sourceTree = "<group>"; };
/* End PBXFileReference section */

/* Begin PBXFrameworksBuildPhase section */
		208DB38C27061B8800CFF747 /* Frameworks */ = {
			isa = PBXFrameworksBuildPhase;
			buildActionMask = 2147483647;
			files = (
			);
			runOnlyForDeploymentPostprocessing = 0;
		};
/* End PBXFrameworksBuildPhase section */

/* Begin PBXGroup section */
		202825092714B45800891DCD /* BD */ = {
			isa = PBXGroup;
			children = (
				2028250A2714B48D00891DCD /* Database.swift */,
			);
			path = BD;
			sourceTree = "<group>";
		};
		20765925270B33D40053AF44 /* Views */ = {
			isa = PBXGroup;
			children = (
				2076592A270B75210053AF44 /* ClienteView.swift */,
				2076592C270B75CA0053AF44 /* SistemaView.swift */,
			);
			path = Views;
			sourceTree = "<group>";
		};
		20765926270B71310053AF44 /* Controllers */ = {
			isa = PBXGroup;
			children = (
				208DB3D727072C2000CFF747 /* SistemaController.swift */,
				20765927270B71550053AF44 /* ClienteController.swift */,
			);
			path = Controllers;
			sourceTree = "<group>";
		};
		20765929270B74D80053AF44 /* Models */ = {
			isa = PBXGroup;
			children = (
				208DB399270627FD00CFF747 /* Cliente.swift */,
				208DB3B1270675C100CFF747 /* Conta.swift */,
			);
			path = Models;
			sourceTree = "<group>";
		};
		20765930270C7E1D0053AF44 /* Services */ = {
			isa = PBXGroup;
			children = (
				20765931270C7E3B0053AF44 /* ClienteService.swift */,
			);
			path = Services;
			sourceTree = "<group>";
		};
		20765937270CDB6B0053AF44 /* Validation */ = {
			isa = PBXGroup;
			children = (
				20765935270C9B130053AF44 /* ValidationError.swift */,
				2076593C270E256C0053AF44 /* Extensions.swift */,
			);
			path = Validation;
			sourceTree = "<group>";
		};
		20765938270DC9360053AF44 /* Enums */ = {
			isa = PBXGroup;
			children = (
				208DB39D27062DE000CFF747 /* OpcoesIti.swift */,
				208DB39B27062DBD00CFF747 /* OpcoesEntrada.swift */,
				208DB39F2706309B00CFF747 /* TipoChavePix.swift */,
			);
			path = Enums;
			sourceTree = "<group>";
		};
		20765939270DCC2E0053AF44 /* DTO */ = {
			isa = PBXGroup;
			children = (
				2076593A270DCC480053AF44 /* ClienteDTO.swift */,
			);
			path = DTO;
			sourceTree = "<group>";
		};
		208DB38627061B8800CFF747 = {
			isa = PBXGroup;
			children = (
				208DB39127061B8800CFF747 /* MiniITI */,
				208DB39027061B8800CFF747 /* Products */,
			);
			sourceTree = "<group>";
		};
		208DB39027061B8800CFF747 /* Products */ = {
			isa = PBXGroup;
			children = (
				208DB38F27061B8800CFF747 /* MiniIti */,
			);
			name = Products;
			sourceTree = "<group>";
		};
		208DB39127061B8800CFF747 /* MiniITI */ = {
			isa = PBXGroup;
			children = (
				202825092714B45800891DCD /* BD */,
				20765930270C7E1D0053AF44 /* Services */,
				20765939270DCC2E0053AF44 /* DTO */,
				20765938270DC9360053AF44 /* Enums */,
				20765937270CDB6B0053AF44 /* Validation */,
				20765929270B74D80053AF44 /* Models */,
				20765926270B71310053AF44 /* Controllers */,
				20765925270B33D40053AF44 /* Views */,
				208DB39227061B8800CFF747 /* main.swift */,
			);
			path = MiniITI;
			sourceTree = "<group>";
		};
/* End PBXGroup section */

/* Begin PBXNativeTarget section */
		208DB38E27061B8800CFF747 /* MiniIti */ = {
			isa = PBXNativeTarget;
			buildConfigurationList = 208DB39627061B8800CFF747 /* Build configuration list for PBXNativeTarget "MiniIti" */;
			buildPhases = (
				208DB38B27061B8800CFF747 /* Sources */,
				208DB38C27061B8800CFF747 /* Frameworks */,
				208DB38D27061B8800CFF747 /* CopyFiles */,
			);
			buildRules = (
			);
			dependencies = (
			);
			name = MiniIti;
			productName = "mini-ITI";
			productReference = 208DB38F27061B8800CFF747 /* MiniIti */;
			productType = "com.apple.product-type.tool";
		};
/* End PBXNativeTarget section */

/* Begin PBXProject section */
		208DB38727061B8800CFF747 /* Project object */ = {
			isa = PBXProject;
			attributes = {
				LastSwiftUpdateCheck = 1250;
				LastUpgradeCheck = 1250;
				TargetAttributes = {
					208DB38E27061B8800CFF747 = {
						CreatedOnToolsVersion = 12.5.1;
					};
				};
			};
			buildConfigurationList = 208DB38A27061B8800CFF747 /* Build configuration list for PBXProject "MiniIti" */;
			compatibilityVersion = "Xcode 9.3";
			developmentRegion = en;
			hasScannedForEncodings = 0;
			knownRegions = (
				en,
				Base,
			);
			mainGroup = 208DB38627061B8800CFF747;
			productRefGroup = 208DB39027061B8800CFF747 /* Products */;
			projectDirPath = "";
			projectRoot = "";
			targets = (
				208DB38E27061B8800CFF747 /* MiniIti */,
			);
		};
/* End PBXProject section */

/* Begin PBXSourcesBuildPhase section */
		208DB38B27061B8800CFF747 /* Sources */ = {
			isa = PBXSourcesBuildPhase;
			buildActionMask = 2147483647;
			files = (
				208DB39C27062DBD00CFF747 /* OpcoesEntrada.swift in Sources */,
				208DB39E27062DE000CFF747 /* OpcoesIti.swift in Sources */,
				2076592B270B75210053AF44 /* ClienteView.swift in Sources */,
				2028250B2714B48D00891DCD /* Database.swift in Sources */,
				20765928270B71550053AF44 /* ClienteController.swift in Sources */,
				208DB3D827072C2000CFF747 /* SistemaController.swift in Sources */,
				20765936270C9B130053AF44 /* ValidationError.swift in Sources */,
				208DB39A270627FD00CFF747 /* Cliente.swift in Sources */,
				208DB3B2270675C100CFF747 /* Conta.swift in Sources */,
				2076592D270B75CA0053AF44 /* SistemaView.swift in Sources */,
				208DB39327061B8800CFF747 /* main.swift in Sources */,
				20765932270C7E3B0053AF44 /* ClienteService.swift in Sources */,
				2076593B270DCC480053AF44 /* ClienteDTO.swift in Sources */,
				208DB3A02706309B00CFF747 /* TipoChavePix.swift in Sources */,
				2076593D270E256C0053AF44 /* Extensions.swift in Sources */,
			);
			runOnlyForDeploymentPostprocessing = 0;
		};
/* End PBXSourcesBuildPhase section */

/* Begin XCBuildConfiguration section */
		208DB39427061B8800CFF747 /* Debug */ = {
			isa = XCBuildConfiguration;
			buildSettings = {
				ALWAYS_SEARCH_USER_PATHS = NO;
				CLANG_ANALYZER_NONNULL = YES;
				CLANG_ANALYZER_NUMBER_OBJECT_CONVERSION = YES_AGGRESSIVE;
				CLANG_CXX_LANGUAGE_STANDARD = "gnu++14";
				CLANG_CXX_LIBRARY = "libc++";
				CLANG_ENABLE_MODULES = YES;
				CLANG_ENABLE_OBJC_ARC = YES;
				CLANG_ENABLE_OBJC_WEAK = YES;
				CLANG_WARN_BLOCK_CAPTURE_AUTORELEASING = YES;
				CLANG_WARN_BOOL_CONVERSION = YES;
				CLANG_WARN_COMMA = YES;
				CLANG_WARN_CONSTANT_CONVERSION = YES;
				CLANG_WARN_DEPRECATED_OBJC_IMPLEMENTATIONS = YES;
				CLANG_WARN_DIRECT_OBJC_ISA_USAGE = YES_ERROR;
				CLANG_WARN_DOCUMENTATION_COMMENTS = YES;
				CLANG_WARN_EMPTY_BODY = YES;
				CLANG_WARN_ENUM_CONVERSION = YES;
				CLANG_WARN_INFINITE_RECURSION = YES;
				CLANG_WARN_INT_CONVERSION = YES;
				CLANG_WARN_NON_LITERAL_NULL_CONVERSION = YES;
				CLANG_WARN_OBJC_IMPLICIT_RETAIN_SELF = YES;
				CLANG_WARN_OBJC_LITERAL_CONVERSION = YES;
				CLANG_WARN_OBJC_ROOT_CLASS = YES_ERROR;
				CLANG_WARN_QUOTED_INCLUDE_IN_FRAMEWORK_HEADER = YES;
				CLANG_WARN_RANGE_LOOP_ANALYSIS = YES;
				CLANG_WARN_STRICT_PROTOTYPES = YES;
				CLANG_WARN_SUSPICIOUS_MOVE = YES;
				CLANG_WARN_UNGUARDED_AVAILABILITY = YES_AGGRESSIVE;
				CLANG_WARN_UNREACHABLE_CODE = YES;
				CLANG_WARN__DUPLICATE_METHOD_MATCH = YES;
				COPY_PHASE_STRIP = NO;
				DEBUG_INFORMATION_FORMAT = dwarf;
				ENABLE_STRICT_OBJC_MSGSEND = YES;
				ENABLE_TESTABILITY = YES;
				GCC_C_LANGUAGE_STANDARD = gnu11;
				GCC_DYNAMIC_NO_PIC = NO;
				GCC_NO_COMMON_BLOCKS = YES;
				GCC_OPTIMIZATION_LEVEL = 0;
				GCC_PREPROCESSOR_DEFINITIONS = (
					"DEBUG=1",
					"$(inherited)",
				);
				GCC_WARN_64_TO_32_BIT_CONVERSION = YES;
				GCC_WARN_ABOUT_RETURN_TYPE = YES_ERROR;
				GCC_WARN_UNDECLARED_SELECTOR = YES;
				GCC_WARN_UNINITIALIZED_AUTOS = YES_AGGRESSIVE;
				GCC_WARN_UNUSED_FUNCTION = YES;
				GCC_WARN_UNUSED_VARIABLE = YES;
				MACOSX_DEPLOYMENT_TARGET = 11.3;
				MTL_ENABLE_DEBUG_INFO = INCLUDE_SOURCE;
				MTL_FAST_MATH = YES;
				ONLY_ACTIVE_ARCH = YES;
				PRODUCT_NAME = MiniITI;
				SDKROOT = macosx;
				SWIFT_ACTIVE_COMPILATION_CONDITIONS = DEBUG;
				SWIFT_OPTIMIZATION_LEVEL = "-Onone";
			};
			name = Debug;
		};
		208DB39527061B8800CFF747 /* Release */ = {
			isa = XCBuildConfiguration;
			buildSettings = {
				ALWAYS_SEARCH_USER_PATHS = NO;
				CLANG_ANALYZER_NONNULL = YES;
				CLANG_ANALYZER_NUMBER_OBJECT_CONVERSION = YES_AGGRESSIVE;
				CLANG_CXX_LANGUAGE_STANDARD = "gnu++14";
				CLANG_CXX_LIBRARY = "libc++";
				CLANG_ENABLE_MODULES = YES;
				CLANG_ENABLE_OBJC_ARC = YES;
				CLANG_ENABLE_OBJC_WEAK = YES;
				CLANG_WARN_BLOCK_CAPTURE_AUTORELEASING = YES;
				CLANG_WARN_BOOL_CONVERSION = YES;
				CLANG_WARN_COMMA = YES;
				CLANG_WARN_CONSTANT_CONVERSION = YES;
				CLANG_WARN_DEPRECATED_OBJC_IMPLEMENTATIONS = YES;
				CLANG_WARN_DIRECT_OBJC_ISA_USAGE = YES_ERROR;
				CLANG_WARN_DOCUMENTATION_COMMENTS = YES;
				CLANG_WARN_EMPTY_BODY = YES;
				CLANG_WARN_ENUM_CONVERSION = YES;
				CLANG_WARN_INFINITE_RECURSION = YES;
				CLANG_WARN_INT_CONVERSION = YES;
				CLANG_WARN_NON_LITERAL_NULL_CONVERSION = YES;
				CLANG_WARN_OBJC_IMPLICIT_RETAIN_SELF = YES;
				CLANG_WARN_OBJC_LITERAL_CONVERSION = YES;
				CLANG_WARN_OBJC_ROOT_CLASS = YES_ERROR;
				CLANG_WARN_QUOTED_INCLUDE_IN_FRAMEWORK_HEADER = YES;
				CLANG_WARN_RANGE_LOOP_ANALYSIS = YES;
				CLANG_WARN_STRICT_PROTOTYPES = YES;
				CLANG_WARN_SUSPICIOUS_MOVE = YES;
				CLANG_WARN_UNGUARDED_AVAILABILITY = YES_AGGRESSIVE;
				CLANG_WARN_UNREACHABLE_CODE = YES;
				CLANG_WARN__DUPLICATE_METHOD_MATCH = YES;
				COPY_PHASE_STRIP = NO;
				DEBUG_INFORMATION_FORMAT = "dwarf-with-dsym";
				ENABLE_NS_ASSERTIONS = NO;
				ENABLE_STRICT_OBJC_MSGSEND = YES;
				GCC_C_LANGUAGE_STANDARD = gnu11;
				GCC_NO_COMMON_BLOCKS = YES;
				GCC_WARN_64_TO_32_BIT_CONVERSION = YES;
				GCC_WARN_ABOUT_RETURN_TYPE = YES_ERROR;
				GCC_WARN_UNDECLARED_SELECTOR = YES;
				GCC_WARN_UNINITIALIZED_AUTOS = YES_AGGRESSIVE;
				GCC_WARN_UNUSED_FUNCTION = YES;
				GCC_WARN_UNUSED_VARIABLE = YES;
				MACOSX_DEPLOYMENT_TARGET = 11.3;
				MTL_ENABLE_DEBUG_INFO = NO;
				MTL_FAST_MATH = YES;
				PRODUCT_NAME = MiniITI;
				SDKROOT = macosx;
				SWIFT_COMPILATION_MODE = wholemodule;
				SWIFT_OPTIMIZATION_LEVEL = "-O";
			};
			name = Release;
		};
		208DB39727061B8800CFF747 /* Debug */ = {
			isa = XCBuildConfiguration;
			buildSettings = {
				CODE_SIGN_STYLE = Automatic;
				LIBRARY_SEARCH_PATHS = (
					"$(inherited)",
					"$(SDKROOT)/usr/lib/swift",
				);
				PRODUCT_NAME = "$(TARGET_NAME)";
				SWIFT_VERSION = 5.0;
			};
			name = Debug;
		};
		208DB39827061B8800CFF747 /* Release */ = {
			isa = XCBuildConfiguration;
			buildSettings = {
				CODE_SIGN_STYLE = Automatic;
				LIBRARY_SEARCH_PATHS = (
					"$(inherited)",
					"$(SDKROOT)/usr/lib/swift",
				);
				PRODUCT_NAME = "$(TARGET_NAME)";
				SWIFT_VERSION = 5.0;
			};
			name = Release;
		};
/* End XCBuildConfiguration section */

/* Begin XCConfigurationList section */
		208DB38A27061B8800CFF747 /* Build configuration list for PBXProject "MiniIti" */ = {
			isa = XCConfigurationList;
			buildConfigurations = (
				208DB39427061B8800CFF747 /* Debug */,
				208DB39527061B8800CFF747 /* Release */,
			);
			defaultConfigurationIsVisible = 0;
			defaultConfigurationName = Release;
		};
		208DB39627061B8800CFF747 /* Build configuration list for PBXNativeTarget "MiniIti" */ = {
			isa = XCConfigurationList;
			buildConfigurations = (
				208DB39727061B8800CFF747 /* Debug */,
				208DB39827061B8800CFF747 /* Release */,
			);
			defaultConfigurationIsVisible = 0;
			defaultConfigurationName = Release;
		};
/* End XCConfigurationList section */
	};
	rootObject = 208DB38727061B8800CFF747 /* Project object */;
}
